# This file is automatically @generated by Cargo.
# It is not intended for manual editing.
version = 4

[[package]]
name = "helix-columnar"
version = "0.0.0"
dependencies = [
 "helix-doc",
 "helix-query",
]

[[package]]
name = "helix-core"
version = "0.0.0"
dependencies = [
 "helix-columnar",
 "helix-doc",
 "helix-query",
 "helix-storage",
]

[[package]]
name = "helix-doc"
version = "0.0.0"

[[package]]
name = "helix-host-native"
version = "0.0.0"
dependencies = [
 "helix-core",
]

[[package]]
name = "helix-native-toolchain-example"
version = "0.0.0"
dependencies = [
 "helix-host-native",
]

[[package]]
name = "helix-query"
version = "0.0.0"
dependencies = [
 "helix-doc",
]

[[package]]
name = "helix-storage"
version = "0.0.0"
dependencies = [
 "helix-doc",
]
